
Microsoft Visual Studio Solution File, Format Version 12.00
# Visual Studio 14
VisualStudioVersion = 14.0.24720.0
MinimumVisualStudioVersion = 10.0.40219.1
Project("{FAE04EC0-301F-11D3-BF4B-00C04F79EFBC}") = "Library1", "Library1\Library1.csproj", "{336565CD-1E4C-4E82-AB23-2279F266DF3F}"
EndProject
Project("{FAE04EC0-301F-11D3-BF4B-00C04F79EFBC}") = "Test1", "Test1\Test1.csproj", "{D1DCF1A9-2AEB-48FF-9B28-DAC1342DEFAD}"
EndProject
Global
	GlobalSection(SolutionConfigurationPlatforms) = preSolution
		Debug|Any CPU = Debug|Any CPU
		Release|Any CPU = Release|Any CPU
	EndGlobalSection
	GlobalSection(ProjectConfigurationPlatforms) = postSolution
		{336565CD-1E4C-4E82-AB23-2279F266DF3F}.Debug|Any CPU.ActiveCfg = Debug|Any CPU
		{336565CD-1E4C-4E82-AB23-2279F266DF3F}.Debug|Any CPU.Build.0 = Debug|Any CPU
		{336565CD-1E4C-4E82-AB23-2279F266DF3F}.Release|Any CPU.ActiveCfg = Release|Any CPU
		{336565CD-1E4C-4E82-AB23-2279F266DF3F}.Release|Any CPU.Build.0 = Release|Any CPU
		{D1DCF1A9-2AEB-48FF-9B28-DAC1342DEFAD}.Debug|Any CPU.ActiveCfg = Debug|Any CPU
		{D1DCF1A9-2AEB-48FF-9B28-DAC1342DEFAD}.Debug|Any CPU.Build.0 = Debug|Any CPU
		{D1DCF1A9-2AEB-48FF-9B28-DAC1342DEFAD}.Release|Any CPU.ActiveCfg = Release|Any CPU
		{D1DCF1A9-2AEB-48FF-9B28-DAC1342DEFAD}.Release|Any CPU.Build.0 = Release|Any CPU
	EndGlobalSection
	GlobalSection(SolutionProperties) = preSolution
		HideSolutionNode = FALSE
	EndGlobalSection
EndGlobal
